// !$*UTF8*$!
{
	archiveVersion = 1;
	classes = {
	};
	objectVersion = 50;
	objects = {

/* Begin PBXBuildFile section */
		440E9C222614DE8E00FB48D0 /* AppDelegate.swift in Sources */ = {isa = PBXBuildFile; fileRef = 440E9C212614DE8E00FB48D0 /* AppDelegate.swift */; };
		440E9C242614DE8E00FB48D0 /* SceneDelegate.swift in Sources */ = {isa = PBXBuildFile; fileRef = 440E9C232614DE8E00FB48D0 /* SceneDelegate.swift */; };
		440E9C262614DE8E00FB48D0 /* RecordSoundsViewController.swift in Sources */ = {isa = PBXBuildFile; fileRef = 440E9C252614DE8E00FB48D0 /* RecordSoundsViewController.swift */; };
		440E9C292614DE8E00FB48D0 /* Main.storyboard in Resources */ = {isa = PBXBuildFile; fileRef = 440E9C272614DE8E00FB48D0 /* Main.storyboard */; };
		440E9C2B2614DE9200FB48D0 /* Assets.xcassets in Resources */ = {isa = PBXBuildFile; fileRef = 440E9C2A2614DE9200FB48D0 /* Assets.xcassets */; };
		440E9C2E2614DE9200FB48D0 /* LaunchScreen.storyboard in Resources */ = {isa = PBXBuildFile; fileRef = 440E9C2C2614DE9200FB48D0 /* LaunchScreen.storyboard */; };
		D7393118261F52160010E799 /* PlaySoundsViewController+audio.swift in Sources */ = {isa = PBXBuildFile; fileRef = D7393117261F52160010E799 /* PlaySoundsViewController+audio.swift */; };
		D73C4F3F2616365800BC195A /* PlaySoundsViewController.swift in Sources */ = {isa = PBXBuildFile; fileRef = D73C4F3E2616365800BC195A /* PlaySoundsViewController.swift */; };
/* End PBXBuildFile section */

/* Begin PBXFileReference section */
		440E9C1E2614DE8E00FB48D0 /* pp02.app */ = {isa = PBXFileReference; explicitFileType = wrapper.application; includeInIndex = 0; path = pp02.app; sourceTree = BUILT_PRODUCTS_DIR; };
		440E9C212614DE8E00FB48D0 /* AppDelegate.swift */ = {isa = PBXFileReference; lastKnownFileType = sourcecode.swift; path = AppDelegate.swift; sourceTree = "<group>"; };
		440E9C232614DE8E00FB48D0 /* SceneDelegate.swift */ = {isa = PBXFileReference; lastKnownFileType = sourcecode.swift; path = SceneDelegate.swift; sourceTree = "<group>"; };
		440E9C252614DE8E00FB48D0 /* RecordSoundsViewController.swift */ = {isa = PBXFileReference; lastKnownFileType = sourcecode.swift; path = RecordSoundsViewController.swift; sourceTree = "<group>"; };
		440E9C282614DE8E00FB48D0 /* Base */ = {isa = PBXFileReference; lastKnownFileType = file.storyboard; name = Base; path = Base.lproj/Main.storyboard; sourceTree = "<group>"; };
		440E9C2A2614DE9200FB48D0 /* Assets.xcassets */ = {isa = PBXFileReference; lastKnownFileType = folder.assetcatalog; path = Assets.xcassets; sourceTree = "<group>"; };
		440E9C2D2614DE9200FB48D0 /* Base */ = {isa = PBXFileReference; lastKnownFileType = file.storyboard; name = Base; path = Base.lproj/LaunchScreen.storyboard; sourceTree = "<group>"; };
		440E9C2F2614DE9300FB48D0 /* Info.plist */ = {isa = PBXFileReference; lastKnownFileType = text.plist.xml; path = Info.plist; sourceTree = "<group>"; };
		D7393117261F52160010E799 /* PlaySoundsViewController+audio.swift */ = {isa = PBXFileReference; lastKnownFileType = sourcecode.swift; path = "PlaySoundsViewController+audio.swift"; sourceTree = "<group>"; };
		D73C4F3E2616365800BC195A /* PlaySoundsViewController.swift */ = {isa = PBXFileReference; lastKnownFileType = sourcecode.swift; path = PlaySoundsViewController.swift; sourceTree = "<group>"; };
/* End PBXFileReference section */

/* Begin PBXFrameworksBuildPhase section */
		440E9C1B2614DE8E00FB48D0 /* Frameworks */ = {
			isa = PBXFrameworksBuildPhase;
			buildActionMask = 2147483647;
			files = (
			);
			runOnlyForDeploymentPostprocessing = 0;
		};
/* End PBXFrameworksBuildPhase section */

/* Begin PBXGroup section */
		440E9C152614DE8E00FB48D0 = {
			isa = PBXGroup;
			children = (
				440E9C202614DE8E00FB48D0 /* pp02 */,
				440E9C1F2614DE8E00FB48D0 /* Products */,
			);
			sourceTree = "<group>";
		};
		440E9C1F2614DE8E00FB48D0 /* Products */ = {
			isa = PBXGroup;
			children = (
				440E9C1E2614DE8E00FB48D0 /* pp02.app */,
			);
			name = Products;
			sourceTree = "<group>";
		};
		440E9C202614DE8E00FB48D0 /* pp02 */ = {
			isa = PBXGroup;
			children = (
				440E9C212614DE8E00FB48D0 /* AppDelegate.swift */,
				440E9C232614DE8E00FB48D0 /* SceneDelegate.swift */,
				440E9C252614DE8E00FB48D0 /* RecordSoundsViewController.swift */,
				440E9C272614DE8E00FB48D0 /* Main.storyboard */,
				D7393117261F52160010E799 /* PlaySoundsViewController+audio.swift */,
				440E9C2A2614DE9200FB48D0 /* Assets.xcassets */,
				440E9C2C2614DE9200FB48D0 /* LaunchScreen.storyboard */,
				440E9C2F2614DE9300FB48D0 /* Info.plist */,
				D73C4F3E2616365800BC195A /* PlaySoundsViewController.swift */,
			);
			path = pp02;
			sourceTree = "<group>";
		};
/* End PBXGroup section */

/* Begin PBXNativeTarget section */
		440E9C1D2614DE8E00FB48D0 /* pp02 */ = {
			isa = PBXNativeTarget;
			buildConfigurationList = 440E9C322614DE9300FB48D0 /* Build configuration list for PBXNativeTarget "pp02" */;
			buildPhases = (
				440E9C1A2614DE8E00FB48D0 /* Sources */,
				440E9C1B2614DE8E00FB48D0 /* Frameworks */,
				440E9C1C2614DE8E00FB48D0 /* Resources */,
			);
			buildRules = (
			);
			dependencies = (
			);
			name = pp02;
			productName = pp02;
			productReference = 440E9C1E2614DE8E00FB48D0 /* pp02.app */;
			productType = "com.apple.product-type.application";
		};
/* End PBXNativeTarget section */

/* Begin PBXProject section */
		440E9C162614DE8E00FB48D0 /* Project object */ = {
			isa = PBXProject;
			attributes = {
				LastSwiftUpdateCheck = 1240;
				LastUpgradeCheck = 1240;
				TargetAttributes = {
					440E9C1D2614DE8E00FB48D0 = {
						CreatedOnToolsVersion = 12.4;
					};
				};
			};
			buildConfigurationList = 440E9C192614DE8E00FB48D0 /* Build configuration list for PBXProject "pp02" */;
			compatibilityVersion = "Xcode 9.3";
			developmentRegion = en;
			hasScannedForEncodings = 0;
			knownRegions = (
				en,
				Base,
			);
			mainGroup = 440E9C152614DE8E00FB48D0;
			productRefGroup = 440E9C1F2614DE8E00FB48D0 /* Products */;
			projectDirPath = "";
			projectRoot = "";
			targets = (
				440E9C1D2614DE8E00FB48D0 /* pp02 */,
			);
		};
/* End PBXProject section */

/* Begin PBXResourcesBuildPhase section */
		440E9C1C2614DE8E00FB48D0 /* Resources */ = {
			isa = PBXResourcesBuildPhase;
			buildActionMask = 2147483647;
			files = (
				440E9C2E2614DE9200FB48D0 /* LaunchScreen.storyboard in Resources */,
				440E9C2B2614DE9200FB48D0 /* Assets.xcassets in Resources */,
				440E9C292614DE8E00FB48D0 /* Main.storyboard in Resources */,
			);
			runOnlyForDeploymentPostprocessing = 0;
		};
/* End PBXResourcesBuildPhase section */

/* Begin PBXSourcesBuildPhase section */
		440E9C1A2614DE8E00FB48D0 /* Sources */ = {
			isa = PBXSourcesBuildPhase;
			buildActionMask = 2147483647;
			files = (
				D7393118261F52160010E799 /* PlaySoundsViewController+audio.swift in Sources */,
				440E9C262614DE8E00FB48D0 /* RecordSoundsViewController.swift in Sources */,
				440E9C222614DE8E00FB48D0 /* AppDelegate.swift in Sources */,
				D73C4F3F2616365800BC195A /* PlaySoundsViewController.swift in Sources */,
				440E9C242614DE8E00FB48D0 /* SceneDelegate.swift in Sources */,
			);
			runOnlyForDeploymentPostprocessing = 0;
		};
/* End PBXSourcesBuildPhase section */

/* Begin PBXVariantGroup section */
		440E9C272614DE8E00FB48D0 /* Main.storyboard */ = {
			isa = PBXVariantGroup;
			children = (
				440E9C282614DE8E00FB48D0 /* Base */,
			);
			name = Main.storyboard;
			sourceTree = "<group>";
		};
		440E9C2C2614DE9200FB48D0 /* LaunchScreen.storyboard */ = {
			isa = PBXVariantGroup;
			children = (
				440E9C2D2614DE9200FB48D0 /* Base */,
			);
			name = LaunchScreen.storyboard;
			sourceTree = "<group>";
		};
/* End PBXVariantGroup section */

/* Begin XCBuildConfiguration section */
		440E9C302614DE9300FB48D0 /* Debug */ = {
			isa = XCBuildConfiguration;
			buildSettings = {
				ALWAYS_SEARCH_USER_PATHS = NO;
				CLANG_ANALYZER_NONNULL = YES;
				CLANG_ANALYZER_NUMBER_OBJECT_CONVERSION = YES_AGGRESSIVE;
				CLANG_CXX_LANGUAGE_STANDARD = "gnu++14";
				CLANG_CXX_LIBRARY = "libc++";
				CLANG_ENABLE_MODULES = YES;
				CLANG_ENABLE_OBJC_ARC = YES;
				CLANG_ENABLE_OBJC_WEAK = YES;
				CLANG_WARN_BLOCK_CAPTURE_AUTORELEASING = YES;
				CLANG_WARN_BOOL_CONVERSION = YES;
				CLANG_WARN_COMMA = YES;
				CLANG_WARN_CONSTANT_CONVERSION = YES;
				CLANG_WARN_DEPRECATED_OBJC_IMPLEMENTATIONS = YES;
				CLANG_WARN_DIRECT_OBJC_ISA_USAGE = YES_ERROR;
				CLANG_WARN_DOCUMENTATION_COMMENTS = YES;
				CLANG_WARN_EMPTY_BODY = YES;
				CLANG_WARN_ENUM_CONVERSION = YES;
				CLANG_WARN_INFINITE_RECURSION = YES;
				CLANG_WARN_INT_CONVERSION = YES;
				CLANG_WARN_NON_LITERAL_NULL_CONVERSION = YES;
				CLANG_WARN_OBJC_IMPLICIT_RETAIN_SELF = YES;
				CLANG_WARN_OBJC_LITERAL_CONVERSION = YES;
				CLANG_WARN_OBJC_ROOT_CLASS = YES_ERROR;
				CLANG_WARN_QUOTED_INCLUDE_IN_FRAMEWORK_HEADER = YES;
				CLANG_WARN_RANGE_LOOP_ANALYSIS = YES;
				CLANG_WARN_STRICT_PROTOTYPES = YES;
				CLANG_WARN_SUSPICIOUS_MOVE = YES;
				CLANG_WARN_UNGUARDED_AVAILABILITY = YES_AGGRESSIVE;
				CLANG_WARN_UNREACHABLE_CODE = YES;
				CLANG_WARN__DUPLICATE_METHOD_MATCH = YES;
				COPY_PHASE_STRIP = NO;
				DEBUG_INFORMATION_FORMAT = dwarf;
				ENABLE_STRICT_OBJC_MSGSEND = YES;
				ENABLE_TESTABILITY = YES;
				GCC_C_LANGUAGE_STANDARD = gnu11;
				GCC_DYNAMIC_NO_PIC = NO;
				GCC_NO_COMMON_BLOCKS = YES;
				GCC_OPTIMIZATION_LEVEL = 0;
				GCC_PREPROCESSOR_DEFINITIONS = (
					"DEBUG=1",
					"$(inherited)",
				);
				GCC_WARN_64_TO_32_BIT_CONVERSION = YES;
				GCC_WARN_ABOUT_RETURN_TYPE = YES_ERROR;
				GCC_WARN_UNDECLARED_SELECTOR = YES;
				GCC_WARN_UNINITIALIZED_AUTOS = YES_AGGRESSIVE;
				GCC_WARN_UNUSED_FUNCTION = YES;
				GCC_WARN_UNUSED_VARIABLE = YES;
				IPHONEOS_DEPLOYMENT_TARGET = 14.4;
				MTL_ENABLE_DEBUG_INFO = INCLUDE_SOURCE;
				MTL_FAST_MATH = YES;
				ONLY_ACTIVE_ARCH = YES;
				SDKROOT = iphoneos;
				SWIFT_ACTIVE_COMPILATION_CONDITIONS = DEBUG;
				SWIFT_OPTIMIZATION_LEVEL = "-Onone";
			};
			name = Debug;
		};
		440E9C312614DE9300FB48D0 /* Release */ = {
			isa = XCBuildConfiguration;
			buildSettings = {
				ALWAYS_SEARCH_USER_PATHS = NO;
				CLANG_ANALYZER_NONNULL = YES;
				CLANG_ANALYZER_NUMBER_OBJECT_CONVERSION = YES_AGGRESSIVE;
				CLANG_CXX_LANGUAGE_STANDARD = "gnu++14";
				CLANG_CXX_LIBRARY = "libc++";
				CLANG_ENABLE_MODULES = YES;
				CLANG_ENABLE_OBJC_ARC = YES;
				CLANG_ENABLE_OBJC_WEAK = YES;
				CLANG_WARN_BLOCK_CAPTURE_AUTORELEASING = YES;
				CLANG_WARN_BOOL_CONVERSION = YES;
				CLANG_WARN_COMMA = YES;
				CLANG_WARN_CONSTANT_CONVERSION = YES;
				CLANG_WARN_DEPRECATED_OBJC_IMPLEMENTATIONS = YES;
				CLANG_WARN_DIRECT_OBJC_ISA_USAGE = YES_ERROR;
				CLANG_WARN_DOCUMENTATION_COMMENTS = YES;
				CLANG_WARN_EMPTY_BODY = YES;
				CLANG_WARN_ENUM_CONVERSION = YES;
				CLANG_WARN_INFINITE_RECURSION = YES;
				CLANG_WARN_INT_CONVERSION = YES;
				CLANG_WARN_NON_LITERAL_NULL_CONVERSION = YES;
				CLANG_WARN_OBJC_IMPLICIT_RETAIN_SELF = YES;
				CLANG_WARN_OBJC_LITERAL_CONVERSION = YES;
				CLANG_WARN_OBJC_ROOT_CLASS = YES_ERROR;
				CLANG_WARN_QUOTED_INCLUDE_IN_FRAMEWORK_HEADER = YES;
				CLANG_WARN_RANGE_LOOP_ANALYSIS = YES;
				CLANG_WARN_STRICT_PROTOTYPES = YES;
				CLANG_WARN_SUSPICIOUS_MOVE = YES;
				CLANG_WARN_UNGUARDED_AVAILABILITY = YES_AGGRESSIVE;
				CLANG_WARN_UNREACHABLE_CODE = YES;
				CLANG_WARN__DUPLICATE_METHOD_MATCH = YES;
				COPY_PHASE_STRIP = NO;
				DEBUG_INFORMATION_FORMAT = "dwarf-with-dsym";
				ENABLE_NS_ASSERTIONS = NO;
				ENABLE_STRICT_OBJC_MSGSEND = YES;
				GCC_C_LANGUAGE_STANDARD = gnu11;
				GCC_NO_COMMON_BLOCKS = YES;
				GCC_WARN_64_TO_32_BIT_CONVERSION = YES;
				GCC_WARN_ABOUT_RETURN_TYPE = YES_ERROR;
				GCC_WARN_UNDECLARED_SELECTOR = YES;
				GCC_WARN_UNINITIALIZED_AUTOS = YES_AGGRESSIVE;
				GCC_WARN_UNUSED_FUNCTION = YES;
				GCC_WARN_UNUSED_VARIABLE = YES;
				IPHONEOS_DEPLOYMENT_TARGET = 14.4;
				MTL_ENABLE_DEBUG_INFO = NO;
				MTL_FAST_MATH = YES;
				SDKROOT = iphoneos;
				SWIFT_COMPILATION_MODE = wholemodule;
				SWIFT_OPTIMIZATION_LEVEL = "-O";
				VALIDATE_PRODUCT = YES;
			};
			name = Release;
		};
		440E9C332614DE9300FB48D0 /* Debug */ = {
			isa = XCBuildConfiguration;
			buildSettings = {
				ASSETCATALOG_COMPILER_APPICON_NAME = AppIcon;
				ASSETCATALOG_COMPILER_GLOBAL_ACCENT_COLOR_NAME = AccentColor;
				CODE_SIGN_STYLE = Automatic;
				INFOPLIST_FILE = pp02/Info.plist;
				LD_RUNPATH_SEARCH_PATHS = (
					"$(inherited)",
					"@executable_path/Frameworks",
				);
				PRODUCT_BUNDLE_IDENTIFIER = devocean.app.pp02;
				PRODUCT_NAME = "$(TARGET_NAME)";
				SWIFT_VERSION = 5.0;
				TARGETED_DEVICE_FAMILY = "1,2";
			};
			name = Debug;
		};
		440E9C342614DE9300FB48D0 /* Release */ = {
			isa = XCBuildConfiguration;
			buildSettings = {
				ASSETCATALOG_COMPILER_APPICON_NAME = AppIcon;
				ASSETCATALOG_COMPILER_GLOBAL_ACCENT_COLOR_NAME = AccentColor;
				CODE_SIGN_STYLE = Automatic;
				INFOPLIST_FILE = pp02/Info.plist;
				LD_RUNPATH_SEARCH_PATHS = (
					"$(inherited)",
					"@executable_path/Frameworks",
				);
				PRODUCT_BUNDLE_IDENTIFIER = devocean.app.pp02;
				PRODUCT_NAME = "$(TARGET_NAME)";
				SWIFT_VERSION = 5.0;
				TARGETED_DEVICE_FAMILY = "1,2";
			};
			name = Release;
		};
/* End XCBuildConfiguration section */

/* Begin XCConfigurationList section */
		440E9C192614DE8E00FB48D0 /* Build configuration list for PBXProject "pp02" */ = {
			isa = XCConfigurationList;
			buildConfigurations = (
				440E9C302614DE9300FB48D0 /* Debug */,
				440E9C312614DE9300FB48D0 /* Release */,
			);
			defaultConfigurationIsVisible = 0;
			defaultConfigurationName = Release;
		};
		440E9C322614DE9300FB48D0 /* Build configuration list for PBXNativeTarget "pp02" */ = {
			isa = XCConfigurationList;
			buildConfigurations = (
				440E9C332614DE9300FB48D0 /* Debug */,
				440E9C342614DE9300FB48D0 /* Release */,
			);
			defaultConfigurationIsVisible = 0;
			defaultConfigurationName = Release;
		};
/* End XCConfigurationList section */
	};
	rootObject = 440E9C162614DE8E00FB48D0 /* Project object */;
}
